
Microsoft Visual Studio Solution File, Format Version 12.00
# Visual Studio Version 16
VisualStudioVersion = 16.0.30001.183
MinimumVisualStudioVersion = 10.0.40219.1
Project("{FAE04EC0-301F-11D3-BF4B-00C04F79EFBC}") = "RollingPlaces.Common", "RollingPlaces.Common\RollingPlaces.Common.csproj", "{15571A4D-E8DD-4351-A229-0B6B22FC4ACE}"
EndProject
Project("{FAE04EC0-301F-11D3-BF4B-00C04F79EFBC}") = "RollingPlaces.Web", "RollingPlaces.Web\RollingPlaces.Web.csproj", "{E7501BC7-42F6-46B5-B950-5A3A5C848430}"
EndProject
Project("{FAE04EC0-301F-11D3-BF4B-00C04F79EFBC}") = "RollingPlaces.Prism", "RollingPlaces.Prism\RollingPlaces.Prism\RollingPlaces.Prism.csproj", "{9032FE11-3975-44B9-8C3A-80E73899843F}"
EndProject
Project("{FAE04EC0-301F-11D3-BF4B-00C04F79EFBC}") = "RollingPlaces.Prism.Android", "RollingPlaces.Prism\RollingPlaces.Prism.Android\RollingPlaces.Prism.Android.csproj", "{25419F3C-B171-4884-A41A-E9A128C181A4}"
EndProject
Project("{FAE04EC0-301F-11D3-BF4B-00C04F79EFBC}") = "RollingPlaces.Prism.iOS", "RollingPlaces.Prism\RollingPlaces.Prism.iOS\RollingPlaces.Prism.iOS.csproj", "{5571781E-AB08-49A9-8CBB-D55A4464AAA2}"
EndProject
Project("{FAE04EC0-301F-11D3-BF4B-00C04F79EFBC}") = "RollingPlaces.Cross.Android", "RollingPlaces.Cross.Android\RollingPlaces.Cross.Android.csproj", "{057CEDD9-03FA-4D89-88AB-9786AF33483A}"
EndProject
Project("{FAE04EC0-301F-11D3-BF4B-00C04F79EFBC}") = "RollingPlaces.Cross.iOS", "RollingPlaces.Cross.iOS\RollingPlaces.Cross.iOS.csproj", "{BD0AC43D-96D7-4B03-83BD-884C3C99D72E}"
EndProject
Global
	GlobalSection(SolutionConfigurationPlatforms) = preSolution
		Ad-Hoc|Any CPU = Ad-Hoc|Any CPU
		Ad-Hoc|iPhone = Ad-Hoc|iPhone
		Ad-Hoc|iPhoneSimulator = Ad-Hoc|iPhoneSimulator
		AppStore|Any CPU = AppStore|Any CPU
		AppStore|iPhone = AppStore|iPhone
		AppStore|iPhoneSimulator = AppStore|iPhoneSimulator
		Debug|Any CPU = Debug|Any CPU
		Debug|iPhone = Debug|iPhone
		Debug|iPhoneSimulator = Debug|iPhoneSimulator
		Release|Any CPU = Release|Any CPU
		Release|iPhone = Release|iPhone
		Release|iPhoneSimulator = Release|iPhoneSimulator
	EndGlobalSection
	GlobalSection(ProjectConfigurationPlatforms) = postSolution
		{15571A4D-E8DD-4351-A229-0B6B22FC4ACE}.Ad-Hoc|Any CPU.ActiveCfg = Debug|Any CPU
		{15571A4D-E8DD-4351-A229-0B6B22FC4ACE}.Ad-Hoc|Any CPU.Build.0 = Debug|Any CPU
		{15571A4D-E8DD-4351-A229-0B6B22FC4ACE}.Ad-Hoc|iPhone.ActiveCfg = Debug|Any CPU
		{15571A4D-E8DD-4351-A229-0B6B22FC4ACE}.Ad-Hoc|iPhone.Build.0 = Debug|Any CPU
		{15571A4D-E8DD-4351-A229-0B6B22FC4ACE}.Ad-Hoc|iPhoneSimulator.ActiveCfg = Debug|Any CPU
		{15571A4D-E8DD-4351-A229-0B6B22FC4ACE}.Ad-Hoc|iPhoneSimulator.Build.0 = Debug|Any CPU
		{15571A4D-E8DD-4351-A229-0B6B22FC4ACE}.AppStore|Any CPU.ActiveCfg = Debug|Any CPU
		{15571A4D-E8DD-4351-A229-0B6B22FC4ACE}.AppStore|Any CPU.Build.0 = Debug|Any CPU
		{15571A4D-E8DD-4351-A229-0B6B22FC4ACE}.AppStore|iPhone.ActiveCfg = Debug|Any CPU
		{15571A4D-E8DD-4351-A229-0B6B22FC4ACE}.AppStore|iPhone.Build.0 = Debug|Any CPU
		{15571A4D-E8DD-4351-A229-0B6B22FC4ACE}.AppStore|iPhoneSimulator.ActiveCfg = Debug|Any CPU
		{15571A4D-E8DD-4351-A229-0B6B22FC4ACE}.AppStore|iPhoneSimulator.Build.0 = Debug|Any CPU
		{15571A4D-E8DD-4351-A229-0B6B22FC4ACE}.Debug|Any CPU.ActiveCfg = Debug|Any CPU
		{15571A4D-E8DD-4351-A229-0B6B22FC4ACE}.Debug|Any CPU.Build.0 = Debug|Any CPU
		{15571A4D-E8DD-4351-A229-0B6B22FC4ACE}.Debug|iPhone.ActiveCfg = Debug|Any CPU
		{15571A4D-E8DD-4351-A229-0B6B22FC4ACE}.Debug|iPhone.Build.0 = Debug|Any CPU
		{15571A4D-E8DD-4351-A229-0B6B22FC4ACE}.Debug|iPhoneSimulator.ActiveCfg = Debug|Any CPU
		{15571A4D-E8DD-4351-A229-0B6B22FC4ACE}.Debug|iPhoneSimulator.Build.0 = Debug|Any CPU
		{15571A4D-E8DD-4351-A229-0B6B22FC4ACE}.Release|Any CPU.ActiveCfg = Release|Any CPU
		{15571A4D-E8DD-4351-A229-0B6B22FC4ACE}.Release|Any CPU.Build.0 = Release|Any CPU
		{15571A4D-E8DD-4351-A229-0B6B22FC4ACE}.Release|iPhone.ActiveCfg = Release|Any CPU
		{15571A4D-E8DD-4351-A229-0B6B22FC4ACE}.Release|iPhone.Build.0 = Release|Any CPU
		{15571A4D-E8DD-4351-A229-0B6B22FC4ACE}.Release|iPhoneSimulator.ActiveCfg = Release|Any CPU
		{15571A4D-E8DD-4351-A229-0B6B22FC4ACE}.Release|iPhoneSimulator.Build.0 = Release|Any CPU
		{E7501BC7-42F6-46B5-B950-5A3A5C848430}.Ad-Hoc|Any CPU.ActiveCfg = Debug|Any CPU
		{E7501BC7-42F6-46B5-B950-5A3A5C848430}.Ad-Hoc|Any CPU.Build.0 = Debug|Any CPU
		{E7501BC7-42F6-46B5-B950-5A3A5C848430}.Ad-Hoc|iPhone.ActiveCfg = Debug|Any CPU
		{E7501BC7-42F6-46B5-B950-5A3A5C848430}.Ad-Hoc|iPhone.Build.0 = Debug|Any CPU
		{E7501BC7-42F6-46B5-B950-5A3A5C848430}.Ad-Hoc|iPhoneSimulator.ActiveCfg = Debug|Any CPU
		{E7501BC7-42F6-46B5-B950-5A3A5C848430}.Ad-Hoc|iPhoneSimulator.Build.0 = Debug|Any CPU
		{E7501BC7-42F6-46B5-B950-5A3A5C848430}.AppStore|Any CPU.ActiveCfg = Debug|Any CPU
		{E7501BC7-42F6-46B5-B950-5A3A5C848430}.AppStore|Any CPU.Build.0 = Debug|Any CPU
		{E7501BC7-42F6-46B5-B950-5A3A5C848430}.AppStore|iPhone.ActiveCfg = Debug|Any CPU
		{E7501BC7-42F6-46B5-B950-5A3A5C848430}.AppStore|iPhone.Build.0 = Debug|Any CPU
		{E7501BC7-42F6-46B5-B950-5A3A5C848430}.AppStore|iPhoneSimulator.ActiveCfg = Debug|Any CPU
		{E7501BC7-42F6-46B5-B950-5A3A5C848430}.AppStore|iPhoneSimulator.Build.0 = Debug|Any CPU
		{E7501BC7-42F6-46B5-B950-5A3A5C848430}.Debug|Any CPU.ActiveCfg = Debug|Any CPU
		{E7501BC7-42F6-46B5-B950-5A3A5C848430}.Debug|Any CPU.Build.0 = Debug|Any CPU
		{E7501BC7-42F6-46B5-B950-5A3A5C848430}.Debug|iPhone.ActiveCfg = Debug|Any CPU
		{E7501BC7-42F6-46B5-B950-5A3A5C848430}.Debug|iPhone.Build.0 = Debug|Any CPU
		{E7501BC7-42F6-46B5-B950-5A3A5C848430}.Debug|iPhoneSimulator.ActiveCfg = Debug|Any CPU
		{E7501BC7-42F6-46B5-B950-5A3A5C848430}.Debug|iPhoneSimulator.Build.0 = Debug|Any CPU
		{E7501BC7-42F6-46B5-B950-5A3A5C848430}.Release|Any CPU.ActiveCfg = Release|Any CPU
		{E7501BC7-42F6-46B5-B950-5A3A5C848430}.Release|Any CPU.Build.0 = Release|Any CPU
		{E7501BC7-42F6-46B5-B950-5A3A5C848430}.Release|iPhone.ActiveCfg = Release|Any CPU
		{E7501BC7-42F6-46B5-B950-5A3A5C848430}.Release|iPhone.Build.0 = Release|Any CPU
		{E7501BC7-42F6-46B5-B950-5A3A5C848430}.Release|iPhoneSimulator.ActiveCfg = Release|Any CPU
		{E7501BC7-42F6-46B5-B950-5A3A5C848430}.Release|iPhoneSimulator.Build.0 = Release|Any CPU
		{9032FE11-3975-44B9-8C3A-80E73899843F}.Ad-Hoc|Any CPU.ActiveCfg = Debug|Any CPU
		{9032FE11-3975-44B9-8C3A-80E73899843F}.Ad-Hoc|Any CPU.Build.0 = Debug|Any CPU
		{9032FE11-3975-44B9-8C3A-80E73899843F}.Ad-Hoc|iPhone.ActiveCfg = Debug|Any CPU
		{9032FE11-3975-44B9-8C3A-80E73899843F}.Ad-Hoc|iPhone.Build.0 = Debug|Any CPU
		{9032FE11-3975-44B9-8C3A-80E73899843F}.Ad-Hoc|iPhoneSimulator.ActiveCfg = Debug|Any CPU
		{9032FE11-3975-44B9-8C3A-80E73899843F}.Ad-Hoc|iPhoneSimulator.Build.0 = Debug|Any CPU
		{9032FE11-3975-44B9-8C3A-80E73899843F}.AppStore|Any CPU.ActiveCfg = Debug|Any CPU
		{9032FE11-3975-44B9-8C3A-80E73899843F}.AppStore|Any CPU.Build.0 = Debug|Any CPU
		{9032FE11-3975-44B9-8C3A-80E73899843F}.AppStore|iPhone.ActiveCfg = Debug|Any CPU
		{9032FE11-3975-44B9-8C3A-80E73899843F}.AppStore|iPhone.Build.0 = Debug|Any CPU
		{9032FE11-3975-44B9-8C3A-80E73899843F}.AppStore|iPhoneSimulator.ActiveCfg = Debug|Any CPU
		{9032FE11-3975-44B9-8C3A-80E73899843F}.AppStore|iPhoneSimulator.Build.0 = Debug|Any CPU
		{9032FE11-3975-44B9-8C3A-80E73899843F}.Debug|Any CPU.ActiveCfg = Debug|Any CPU
		{9032FE11-3975-44B9-8C3A-80E73899843F}.Debug|Any CPU.Build.0 = Debug|Any CPU
		{9032FE11-3975-44B9-8C3A-80E73899843F}.Debug|iPhone.ActiveCfg = Debug|Any CPU
		{9032FE11-3975-44B9-8C3A-80E73899843F}.Debug|iPhone.Build.0 = Debug|Any CPU
		{9032FE11-3975-44B9-8C3A-80E73899843F}.Debug|iPhoneSimulator.ActiveCfg = Debug|Any CPU
		{9032FE11-3975-44B9-8C3A-80E73899843F}.Debug|iPhoneSimulator.Build.0 = Debug|Any CPU
		{9032FE11-3975-44B9-8C3A-80E73899843F}.Release|Any CPU.ActiveCfg = Release|Any CPU
		{9032FE11-3975-44B9-8C3A-80E73899843F}.Release|Any CPU.Build.0 = Release|Any CPU
		{9032FE11-3975-44B9-8C3A-80E73899843F}.Release|iPhone.ActiveCfg = Release|Any CPU
		{9032FE11-3975-44B9-8C3A-80E73899843F}.Release|iPhone.Build.0 = Release|Any CPU
		{9032FE11-3975-44B9-8C3A-80E73899843F}.Release|iPhoneSimulator.ActiveCfg = Release|Any CPU
		{9032FE11-3975-44B9-8C3A-80E73899843F}.Release|iPhoneSimulator.Build.0 = Release|Any CPU
		{25419F3C-B171-4884-A41A-E9A128C181A4}.Ad-Hoc|Any CPU.ActiveCfg = Release|Any CPU
		{25419F3C-B171-4884-A41A-E9A128C181A4}.Ad-Hoc|Any CPU.Build.0 = Release|Any CPU
		{25419F3C-B171-4884-A41A-E9A128C181A4}.Ad-Hoc|Any CPU.Deploy.0 = Release|Any CPU
		{25419F3C-B171-4884-A41A-E9A128C181A4}.Ad-Hoc|iPhone.ActiveCfg = Release|Any CPU
		{25419F3C-B171-4884-A41A-E9A128C181A4}.Ad-Hoc|iPhone.Build.0 = Release|Any CPU
		{25419F3C-B171-4884-A41A-E9A128C181A4}.Ad-Hoc|iPhone.Deploy.0 = Release|Any CPU
		{25419F3C-B171-4884-A41A-E9A128C181A4}.Ad-Hoc|iPhoneSimulator.ActiveCfg = Release|Any CPU
		{25419F3C-B171-4884-A41A-E9A128C181A4}.Ad-Hoc|iPhoneSimulator.Build.0 = Release|Any CPU
		{25419F3C-B171-4884-A41A-E9A128C181A4}.Ad-Hoc|iPhoneSimulator.Deploy.0 = Release|Any CPU
		{25419F3C-B171-4884-A41A-E9A128C181A4}.AppStore|Any CPU.ActiveCfg = Release|Any CPU
		{25419F3C-B171-4884-A41A-E9A128C181A4}.AppStore|Any CPU.Build.0 = Release|Any CPU
		{25419F3C-B171-4884-A41A-E9A128C181A4}.AppStore|Any CPU.Deploy.0 = Release|Any CPU
		{25419F3C-B171-4884-A41A-E9A128C181A4}.AppStore|iPhone.ActiveCfg = Release|Any CPU
		{25419F3C-B171-4884-A41A-E9A128C181A4}.AppStore|iPhone.Build.0 = Release|Any CPU
		{25419F3C-B171-4884-A41A-E9A128C181A4}.AppStore|iPhone.Deploy.0 = Release|Any CPU
		{25419F3C-B171-4884-A41A-E9A128C181A4}.AppStore|iPhoneSimulator.ActiveCfg = Release|Any CPU
		{25419F3C-B171-4884-A41A-E9A128C181A4}.AppStore|iPhoneSimulator.Build.0 = Release|Any CPU
		{25419F3C-B171-4884-A41A-E9A128C181A4}.AppStore|iPhoneSimulator.Deploy.0 = Release|Any CPU
		{25419F3C-B171-4884-A41A-E9A128C181A4}.Debug|Any CPU.ActiveCfg = Debug|Any CPU
		{25419F3C-B171-4884-A41A-E9A128C181A4}.Debug|Any CPU.Build.0 = Debug|Any CPU
		{25419F3C-B171-4884-A41A-E9A128C181A4}.Debug|Any CPU.Deploy.0 = Debug|Any CPU
		{25419F3C-B171-4884-A41A-E9A128C181A4}.Debug|iPhone.ActiveCfg = Debug|Any CPU
		{25419F3C-B171-4884-A41A-E9A128C181A4}.Debug|iPhone.Build.0 = Debug|Any CPU
		{25419F3C-B171-4884-A41A-E9A128C181A4}.Debug|iPhone.Deploy.0 = Debug|Any CPU
		{25419F3C-B171-4884-A41A-E9A128C181A4}.Debug|iPhoneSimulator.ActiveCfg = Debug|Any CPU
		{25419F3C-B171-4884-A41A-E9A128C181A4}.Debug|iPhoneSimulator.Build.0 = Debug|Any CPU
		{25419F3C-B171-4884-A41A-E9A128C181A4}.Debug|iPhoneSimulator.Deploy.0 = Debug|Any CPU
		{25419F3C-B171-4884-A41A-E9A128C181A4}.Release|Any CPU.ActiveCfg = Release|Any CPU
		{25419F3C-B171-4884-A41A-E9A128C181A4}.Release|Any CPU.Build.0 = Release|Any CPU
		{25419F3C-B171-4884-A41A-E9A128C181A4}.Release|Any CPU.Deploy.0 = Release|Any CPU
		{25419F3C-B171-4884-A41A-E9A128C181A4}.Release|iPhone.ActiveCfg = Release|Any CPU
		{25419F3C-B171-4884-A41A-E9A128C181A4}.Release|iPhone.Build.0 = Release|Any CPU
		{25419F3C-B171-4884-A41A-E9A128C181A4}.Release|iPhone.Deploy.0 = Release|Any CPU
		{25419F3C-B171-4884-A41A-E9A128C181A4}.Release|iPhoneSimulator.ActiveCfg = Release|Any CPU
		{25419F3C-B171-4884-A41A-E9A128C181A4}.Release|iPhoneSimulator.Build.0 = Release|Any CPU
		{25419F3C-B171-4884-A41A-E9A128C181A4}.Release|iPhoneSimulator.Deploy.0 = Release|Any CPU
		{5571781E-AB08-49A9-8CBB-D55A4464AAA2}.Ad-Hoc|Any CPU.ActiveCfg = Ad-Hoc|iPhone
		{5571781E-AB08-49A9-8CBB-D55A4464AAA2}.Ad-Hoc|iPhone.ActiveCfg = Ad-Hoc|iPhone
		{5571781E-AB08-49A9-8CBB-D55A4464AAA2}.Ad-Hoc|iPhone.Build.0 = Ad-Hoc|iPhone
		{5571781E-AB08-49A9-8CBB-D55A4464AAA2}.Ad-Hoc|iPhoneSimulator.ActiveCfg = Ad-Hoc|iPhoneSimulator
		{5571781E-AB08-49A9-8CBB-D55A4464AAA2}.Ad-Hoc|iPhoneSimulator.Build.0 = Ad-Hoc|iPhoneSimulator
		{5571781E-AB08-49A9-8CBB-D55A4464AAA2}.AppStore|Any CPU.ActiveCfg = AppStore|iPhone
		{5571781E-AB08-49A9-8CBB-D55A4464AAA2}.AppStore|iPhone.ActiveCfg = AppStore|iPhone
		{5571781E-AB08-49A9-8CBB-D55A4464AAA2}.AppStore|iPhone.Build.0 = AppStore|iPhone
		{5571781E-AB08-49A9-8CBB-D55A4464AAA2}.AppStore|iPhoneSimulator.ActiveCfg = AppStore|iPhoneSimulator
		{5571781E-AB08-49A9-8CBB-D55A4464AAA2}.AppStore|iPhoneSimulator.Build.0 = AppStore|iPhoneSimulator
		{5571781E-AB08-49A9-8CBB-D55A4464AAA2}.Debug|Any CPU.ActiveCfg = Debug|iPhone
		{5571781E-AB08-49A9-8CBB-D55A4464AAA2}.Debug|iPhone.ActiveCfg = Debug|iPhone
		{5571781E-AB08-49A9-8CBB-D55A4464AAA2}.Debug|iPhone.Build.0 = Debug|iPhone
		{5571781E-AB08-49A9-8CBB-D55A4464AAA2}.Debug|iPhoneSimulator.ActiveCfg = Debug|iPhoneSimulator
		{5571781E-AB08-49A9-8CBB-D55A4464AAA2}.Debug|iPhoneSimulator.Build.0 = Debug|iPhoneSimulator
		{5571781E-AB08-49A9-8CBB-D55A4464AAA2}.Release|Any CPU.ActiveCfg = Release|iPhone
		{5571781E-AB08-49A9-8CBB-D55A4464AAA2}.Release|iPhone.ActiveCfg = Release|iPhone
		{5571781E-AB08-49A9-8CBB-D55A4464AAA2}.Release|iPhone.Build.0 = Release|iPhone
		{5571781E-AB08-49A9-8CBB-D55A4464AAA2}.Release|iPhoneSimulator.ActiveCfg = Release|iPhoneSimulator
		{5571781E-AB08-49A9-8CBB-D55A4464AAA2}.Release|iPhoneSimulator.Build.0 = Release|iPhoneSimulator
		{057CEDD9-03FA-4D89-88AB-9786AF33483A}.Ad-Hoc|Any CPU.ActiveCfg = Release|Any CPU
		{057CEDD9-03FA-4D89-88AB-9786AF33483A}.Ad-Hoc|Any CPU.Build.0 = Release|Any CPU
		{057CEDD9-03FA-4D89-88AB-9786AF33483A}.Ad-Hoc|Any CPU.Deploy.0 = Release|Any CPU
		{057CEDD9-03FA-4D89-88AB-9786AF33483A}.Ad-Hoc|iPhone.ActiveCfg = Release|Any CPU
		{057CEDD9-03FA-4D89-88AB-9786AF33483A}.Ad-Hoc|iPhone.Build.0 = Release|Any CPU
		{057CEDD9-03FA-4D89-88AB-9786AF33483A}.Ad-Hoc|iPhone.Deploy.0 = Release|Any CPU
		{057CEDD9-03FA-4D89-88AB-9786AF33483A}.Ad-Hoc|iPhoneSimulator.ActiveCfg = Release|Any CPU
		{057CEDD9-03FA-4D89-88AB-9786AF33483A}.Ad-Hoc|iPhoneSimulator.Build.0 = Release|Any CPU
		{057CEDD9-03FA-4D89-88AB-9786AF33483A}.Ad-Hoc|iPhoneSimulator.Deploy.0 = Release|Any CPU
		{057CEDD9-03FA-4D89-88AB-9786AF33483A}.AppStore|Any CPU.ActiveCfg = Release|Any CPU
		{057CEDD9-03FA-4D89-88AB-9786AF33483A}.AppStore|Any CPU.Build.0 = Release|Any CPU
		{057CEDD9-03FA-4D89-88AB-9786AF33483A}.AppStore|Any CPU.Deploy.0 = Release|Any CPU
		{057CEDD9-03FA-4D89-88AB-9786AF33483A}.AppStore|iPhone.ActiveCfg = Release|Any CPU
		{057CEDD9-03FA-4D89-88AB-9786AF33483A}.AppStore|iPhone.Build.0 = Release|Any CPU
		{057CEDD9-03FA-4D89-88AB-9786AF33483A}.AppStore|iPhone.Deploy.0 = Release|Any CPU
		{057CEDD9-03FA-4D89-88AB-9786AF33483A}.AppStore|iPhoneSimulator.ActiveCfg = Release|Any CPU
		{057CEDD9-03FA-4D89-88AB-9786AF33483A}.AppStore|iPhoneSimulator.Build.0 = Release|Any CPU
		{057CEDD9-03FA-4D89-88AB-9786AF33483A}.AppStore|iPhoneSimulator.Deploy.0 = Release|Any CPU
		{057CEDD9-03FA-4D89-88AB-9786AF33483A}.Debug|Any CPU.ActiveCfg = Debug|Any CPU
		{057CEDD9-03FA-4D89-88AB-9786AF33483A}.Debug|Any CPU.Build.0 = Debug|Any CPU
		{057CEDD9-03FA-4D89-88AB-9786AF33483A}.Debug|Any CPU.Deploy.0 = Debug|Any CPU
		{057CEDD9-03FA-4D89-88AB-9786AF33483A}.Debug|iPhone.ActiveCfg = Debug|Any CPU
		{057CEDD9-03FA-4D89-88AB-9786AF33483A}.Debug|iPhone.Build.0 = Debug|Any CPU
		{057CEDD9-03FA-4D89-88AB-9786AF33483A}.Debug|iPhone.Deploy.0 = Debug|Any CPU
		{057CEDD9-03FA-4D89-88AB-9786AF33483A}.Debug|iPhoneSimulator.ActiveCfg = Debug|Any CPU
		{057CEDD9-03FA-4D89-88AB-9786AF33483A}.Debug|iPhoneSimulator.Build.0 = Debug|Any CPU
		{057CEDD9-03FA-4D89-88AB-9786AF33483A}.Debug|iPhoneSimulator.Deploy.0 = Debug|Any CPU
		{057CEDD9-03FA-4D89-88AB-9786AF33483A}.Release|Any CPU.ActiveCfg = Release|Any CPU
		{057CEDD9-03FA-4D89-88AB-9786AF33483A}.Release|Any CPU.Build.0 = Release|Any CPU
		{057CEDD9-03FA-4D89-88AB-9786AF33483A}.Release|Any CPU.Deploy.0 = Release|Any CPU
		{057CEDD9-03FA-4D89-88AB-9786AF33483A}.Release|iPhone.ActiveCfg = Release|Any CPU
		{057CEDD9-03FA-4D89-88AB-9786AF33483A}.Release|iPhone.Build.0 = Release|Any CPU
		{057CEDD9-03FA-4D89-88AB-9786AF33483A}.Release|iPhone.Deploy.0 = Release|Any CPU
		{057CEDD9-03FA-4D89-88AB-9786AF33483A}.Release|iPhoneSimulator.ActiveCfg = Release|Any CPU
		{057CEDD9-03FA-4D89-88AB-9786AF33483A}.Release|iPhoneSimulator.Build.0 = Release|Any CPU
		{057CEDD9-03FA-4D89-88AB-9786AF33483A}.Release|iPhoneSimulator.Deploy.0 = Release|Any CPU
		{BD0AC43D-96D7-4B03-83BD-884C3C99D72E}.Ad-Hoc|Any CPU.ActiveCfg = Release|iPhone
		{BD0AC43D-96D7-4B03-83BD-884C3C99D72E}.Ad-Hoc|Any CPU.Build.0 = Release|iPhone
		{BD0AC43D-96D7-4B03-83BD-884C3C99D72E}.Ad-Hoc|iPhone.ActiveCfg = Release|iPhone
		{BD0AC43D-96D7-4B03-83BD-884C3C99D72E}.Ad-Hoc|iPhone.Build.0 = Release|iPhone
		{BD0AC43D-96D7-4B03-83BD-884C3C99D72E}.Ad-Hoc|iPhoneSimulator.ActiveCfg = Release|iPhoneSimulator
		{BD0AC43D-96D7-4B03-83BD-884C3C99D72E}.Ad-Hoc|iPhoneSimulator.Build.0 = Release|iPhoneSimulator
		{BD0AC43D-96D7-4B03-83BD-884C3C99D72E}.AppStore|Any CPU.ActiveCfg = Release|iPhone
		{BD0AC43D-96D7-4B03-83BD-884C3C99D72E}.AppStore|Any CPU.Build.0 = Release|iPhone
		{BD0AC43D-96D7-4B03-83BD-884C3C99D72E}.AppStore|iPhone.ActiveCfg = Release|iPhone
		{BD0AC43D-96D7-4B03-83BD-884C3C99D72E}.AppStore|iPhone.Build.0 = Release|iPhone
		{BD0AC43D-96D7-4B03-83BD-884C3C99D72E}.AppStore|iPhoneSimulator.ActiveCfg = Release|iPhoneSimulator
		{BD0AC43D-96D7-4B03-83BD-884C3C99D72E}.AppStore|iPhoneSimulator.Build.0 = Release|iPhoneSimulator
		{BD0AC43D-96D7-4B03-83BD-884C3C99D72E}.Debug|Any CPU.ActiveCfg = Debug|iPhone
		{BD0AC43D-96D7-4B03-83BD-884C3C99D72E}.Debug|iPhone.ActiveCfg = Debug|iPhone
		{BD0AC43D-96D7-4B03-83BD-884C3C99D72E}.Debug|iPhone.Build.0 = Debug|iPhone
		{BD0AC43D-96D7-4B03-83BD-884C3C99D72E}.Debug|iPhoneSimulator.ActiveCfg = Debug|iPhoneSimulator
		{BD0AC43D-96D7-4B03-83BD-884C3C99D72E}.Debug|iPhoneSimulator.Build.0 = Debug|iPhoneSimulator
		{BD0AC43D-96D7-4B03-83BD-884C3C99D72E}.Release|Any CPU.ActiveCfg = Release|iPhone
		{BD0AC43D-96D7-4B03-83BD-884C3C99D72E}.Release|iPhone.ActiveCfg = Release|iPhone
		{BD0AC43D-96D7-4B03-83BD-884C3C99D72E}.Release|iPhone.Build.0 = Release|iPhone
		{BD0AC43D-96D7-4B03-83BD-884C3C99D72E}.Release|iPhoneSimulator.ActiveCfg = Release|iPhoneSimulator
		{BD0AC43D-96D7-4B03-83BD-884C3C99D72E}.Release|iPhoneSimulator.Build.0 = Release|iPhoneSimulator
	EndGlobalSection
	GlobalSection(SolutionProperties) = preSolution
		HideSolutionNode = FALSE
	EndGlobalSection
	GlobalSection(ExtensibilityGlobals) = postSolution
		SolutionGuid = {3434F5EE-904F-431A-B7A6-2D1AA05C1809}
	EndGlobalSection
EndGlobal
